// !$*UTF8*$!
{
	archiveVersion = 1;
	classes = {
	};
	objectVersion = 50;
	objects = {

/* Begin PBXBuildFile section */
		0A169C4C24B7C3EA00CFADC0 /* GreenProgressViewStyle.swift in Sources */ = {isa = PBXBuildFile; fileRef = 0A169C4B24B7C3EA00CFADC0 /* GreenProgressViewStyle.swift */; };
		0AB5937124B67E7200828806 /* GradientBackGroundStyle.swift in Sources */ = {isa = PBXBuildFile; fileRef = 0AB5937024B67E7200828806 /* GradientBackGroundStyle.swift */; };
		0AB5937324B67F1600828806 /* GreenBorderButtonStyle.swift in Sources */ = {isa = PBXBuildFile; fileRef = 0AB5937224B67F1600828806 /* GreenBorderButtonStyle.swift */; };
		0AB5937624B6A15700828806 /* GreenBorderButton.swift in Sources */ = {isa = PBXBuildFile; fileRef = 0AB5937524B6A15700828806 /* GreenBorderButton.swift */; };
		0AB5937824B6A24000828806 /* FormTextField.swift in Sources */ = {isa = PBXBuildFile; fileRef = 0AB5937724B6A24000828806 /* FormTextField.swift */; };
		0AB5937A24B6A35400828806 /* FormSecureField.swift in Sources */ = {isa = PBXBuildFile; fileRef = 0AB5937924B6A35400828806 /* FormSecureField.swift */; };
		0AD6CC4E24B6CFF90014A026 /* LoginViewModel.swift in Sources */ = {isa = PBXBuildFile; fileRef = 0AD6CC4D24B6CFF90014A026 /* LoginViewModel.swift */; };
		0ADC404024B6B89600FA2294 /* ProgramTypeView.swift in Sources */ = {isa = PBXBuildFile; fileRef = 0ADC403F24B6B89600FA2294 /* ProgramTypeView.swift */; };
		0ADC404224B6B93600FA2294 /* SelectionView.swift in Sources */ = {isa = PBXBuildFile; fileRef = 0ADC404124B6B93600FA2294 /* SelectionView.swift */; };
		0AF29FB724B629DB00E502FD /* ConceptUIApp.swift in Sources */ = {isa = PBXBuildFile; fileRef = 0AF29FB624B629DB00E502FD /* ConceptUIApp.swift */; };
		0AF29FB924B629DB00E502FD /* WelcomeScreen.swift in Sources */ = {isa = PBXBuildFile; fileRef = 0AF29FB824B629DB00E502FD /* WelcomeScreen.swift */; };
		0AF29FBB24B629E000E502FD /* Assets.xcassets in Resources */ = {isa = PBXBuildFile; fileRef = 0AF29FBA24B629E000E502FD /* Assets.xcassets */; };
		0AF29FBE24B629E000E502FD /* Preview Assets.xcassets in Resources */ = {isa = PBXBuildFile; fileRef = 0AF29FBD24B629E000E502FD /* Preview Assets.xcassets */; };
		0AF29FC624B62B8300E502FD /* selectState.swift in Sources */ = {isa = PBXBuildFile; fileRef = 0AF29FC524B62B8300E502FD /* selectState.swift */; };
		0AF29FC824B62B9700E502FD /* HomeView.swift in Sources */ = {isa = PBXBuildFile; fileRef = 0AF29FC724B62B9700E502FD /* HomeView.swift */; };
		0AF29FCB24B62F8D00E502FD /* LoginView.swift in Sources */ = {isa = PBXBuildFile; fileRef = 0AF29FCA24B62F8D00E502FD /* LoginView.swift */; };
		0AF29FCF24B635E800E502FD /* SignUpView.swift in Sources */ = {isa = PBXBuildFile; fileRef = 0AF29FCE24B635E800E502FD /* SignUpView.swift */; };
		0AF29FD124B6631C00E502FD /* PrototypeSignUpView.swift in Sources */ = {isa = PBXBuildFile; fileRef = 0AF29FD024B6631C00E502FD /* PrototypeSignUpView.swift */; };
/* End PBXBuildFile section */

/* Begin PBXFileReference section */
		0A169C4B24B7C3EA00CFADC0 /* GreenProgressViewStyle.swift */ = {isa = PBXFileReference; lastKnownFileType = sourcecode.swift; path = GreenProgressViewStyle.swift; sourceTree = "<group>"; };
		0AB5937024B67E7200828806 /* GradientBackGroundStyle.swift */ = {isa = PBXFileReference; lastKnownFileType = sourcecode.swift; path = GradientBackGroundStyle.swift; sourceTree = "<group>"; };
		0AB5937224B67F1600828806 /* GreenBorderButtonStyle.swift */ = {isa = PBXFileReference; lastKnownFileType = sourcecode.swift; path = GreenBorderButtonStyle.swift; sourceTree = "<group>"; };
		0AB5937524B6A15700828806 /* GreenBorderButton.swift */ = {isa = PBXFileReference; lastKnownFileType = sourcecode.swift; path = GreenBorderButton.swift; sourceTree = "<group>"; };
		0AB5937724B6A24000828806 /* FormTextField.swift */ = {isa = PBXFileReference; lastKnownFileType = sourcecode.swift; path = FormTextField.swift; sourceTree = "<group>"; };
		0AB5937924B6A35400828806 /* FormSecureField.swift */ = {isa = PBXFileReference; lastKnownFileType = sourcecode.swift; path = FormSecureField.swift; sourceTree = "<group>"; };
		0AD6CC4D24B6CFF90014A026 /* LoginViewModel.swift */ = {isa = PBXFileReference; lastKnownFileType = sourcecode.swift; path = LoginViewModel.swift; sourceTree = "<group>"; };
		0ADC403F24B6B89600FA2294 /* ProgramTypeView.swift */ = {isa = PBXFileReference; lastKnownFileType = sourcecode.swift; path = ProgramTypeView.swift; sourceTree = "<group>"; };
		0ADC404124B6B93600FA2294 /* SelectionView.swift */ = {isa = PBXFileReference; lastKnownFileType = sourcecode.swift; path = SelectionView.swift; sourceTree = "<group>"; };
		0AF29FB324B629DB00E502FD /* ConceptUI.app */ = {isa = PBXFileReference; explicitFileType = wrapper.application; includeInIndex = 0; path = ConceptUI.app; sourceTree = BUILT_PRODUCTS_DIR; };
		0AF29FB624B629DB00E502FD /* ConceptUIApp.swift */ = {isa = PBXFileReference; lastKnownFileType = sourcecode.swift; path = ConceptUIApp.swift; sourceTree = "<group>"; };
		0AF29FB824B629DB00E502FD /* WelcomeScreen.swift */ = {isa = PBXFileReference; lastKnownFileType = sourcecode.swift; path = WelcomeScreen.swift; sourceTree = "<group>"; };
		0AF29FBA24B629E000E502FD /* Assets.xcassets */ = {isa = PBXFileReference; lastKnownFileType = folder.assetcatalog; path = Assets.xcassets; sourceTree = "<group>"; };
		0AF29FBD24B629E000E502FD /* Preview Assets.xcassets */ = {isa = PBXFileReference; lastKnownFileType = folder.assetcatalog; path = "Preview Assets.xcassets"; sourceTree = "<group>"; };
		0AF29FBF24B629E000E502FD /* Info.plist */ = {isa = PBXFileReference; lastKnownFileType = text.plist.xml; path = Info.plist; sourceTree = "<group>"; };
		0AF29FC524B62B8300E502FD /* selectState.swift */ = {isa = PBXFileReference; lastKnownFileType = sourcecode.swift; path = selectState.swift; sourceTree = "<group>"; };
		0AF29FC724B62B9700E502FD /* HomeView.swift */ = {isa = PBXFileReference; lastKnownFileType = sourcecode.swift; path = HomeView.swift; sourceTree = "<group>"; };
		0AF29FCA24B62F8D00E502FD /* LoginView.swift */ = {isa = PBXFileReference; lastKnownFileType = sourcecode.swift; path = LoginView.swift; sourceTree = "<group>"; };
		0AF29FCE24B635E800E502FD /* SignUpView.swift */ = {isa = PBXFileReference; lastKnownFileType = sourcecode.swift; path = SignUpView.swift; sourceTree = "<group>"; };
		0AF29FD024B6631C00E502FD /* PrototypeSignUpView.swift */ = {isa = PBXFileReference; lastKnownFileType = sourcecode.swift; path = PrototypeSignUpView.swift; sourceTree = "<group>"; };
/* End PBXFileReference section */

/* Begin PBXFrameworksBuildPhase section */
		0AF29FB024B629DB00E502FD /* Frameworks */ = {
			isa = PBXFrameworksBuildPhase;
			buildActionMask = 2147483647;
			files = (
			);
			runOnlyForDeploymentPostprocessing = 0;
		};
/* End PBXFrameworksBuildPhase section */

/* Begin PBXGroup section */
		0A169C4A24B7C3CF00CFADC0 /* ProgressViewStyles */ = {
			isa = PBXGroup;
			children = (
				0A169C4B24B7C3EA00CFADC0 /* GreenProgressViewStyle.swift */,
			);
			path = ProgressViewStyles;
			sourceTree = "<group>";
		};
		0AB5936D24B67E2900828806 /* View */ = {
			isa = PBXGroup;
			children = (
				0AF29FC724B62B9700E502FD /* HomeView.swift */,
				0AF29FB824B629DB00E502FD /* WelcomeScreen.swift */,
				0AB5937424B69F3200828806 /* Components */,
				0AF29FC924B62F7700E502FD /* Login */,
				0ADC403E24B6B86B00FA2294 /* ProgramTypeView */,
			);
			path = View;
			sourceTree = "<group>";
		};
		0AB5936E24B67E3D00828806 /* Other */ = {
			isa = PBXGroup;
			children = (
				0A169C4A24B7C3CF00CFADC0 /* ProgressViewStyles */,
				0AB5936F24B67E6200828806 /* Button Styles */,
			);
			path = Other;
			sourceTree = "<group>";
		};
		0AB5936F24B67E6200828806 /* Button Styles */ = {
			isa = PBXGroup;
			children = (
				0AB5937024B67E7200828806 /* GradientBackGroundStyle.swift */,
				0AB5937224B67F1600828806 /* GreenBorderButtonStyle.swift */,
			);
			path = "Button Styles";
			sourceTree = "<group>";
		};
		0AB5937424B69F3200828806 /* Components */ = {
			isa = PBXGroup;
			children = (
				0AB5937524B6A15700828806 /* GreenBorderButton.swift */,
				0AB5937724B6A24000828806 /* FormTextField.swift */,
				0AB5937924B6A35400828806 /* FormSecureField.swift */,
			);
			path = Components;
			sourceTree = "<group>";
		};
		0AD6CC4B24B6CF8B0014A026 /* View Model */ = {
			isa = PBXGroup;
			children = (
				0AD6CC4D24B6CFF90014A026 /* LoginViewModel.swift */,
			);
			path = "View Model";
			sourceTree = "<group>";
		};
		0AD6CC4C24B6CFA80014A026 /* Model */ = {
			isa = PBXGroup;
			children = (
			);
			path = Model;
			sourceTree = "<group>";
		};
		0ADC403E24B6B86B00FA2294 /* ProgramTypeView */ = {
			isa = PBXGroup;
			children = (
				0ADC403F24B6B89600FA2294 /* ProgramTypeView.swift */,
				0ADC404124B6B93600FA2294 /* SelectionView.swift */,
			);
			path = ProgramTypeView;
			sourceTree = "<group>";
		};
		0AF29FAA24B629DB00E502FD = {
			isa = PBXGroup;
			children = (
				0AF29FB524B629DB00E502FD /* ConceptUI */,
				0AF29FB424B629DB00E502FD /* Products */,
			);
			sourceTree = "<group>";
		};
		0AF29FB424B629DB00E502FD /* Products */ = {
			isa = PBXGroup;
			children = (
				0AF29FB324B629DB00E502FD /* ConceptUI.app */,
			);
			name = Products;
			sourceTree = "<group>";
		};
		0AF29FB524B629DB00E502FD /* ConceptUI */ = {
			isa = PBXGroup;
			children = (
				0AD6CC4C24B6CFA80014A026 /* Model */,
				0AB5936D24B67E2900828806 /* View */,
				0AD6CC4B24B6CF8B0014A026 /* View Model */,
				0AB5936E24B67E3D00828806 /* Other */,
				0AF29FB624B629DB00E502FD /* ConceptUIApp.swift */,
				0AF29FC524B62B8300E502FD /* selectState.swift */,
				0AF29FBA24B629E000E502FD /* Assets.xcassets */,
				0AF29FBF24B629E000E502FD /* Info.plist */,
				0AF29FBC24B629E000E502FD /* Preview Content */,
			);
			path = ConceptUI;
			sourceTree = "<group>";
		};
		0AF29FBC24B629E000E502FD /* Preview Content */ = {
			isa = PBXGroup;
			children = (
				0AF29FBD24B629E000E502FD /* Preview Assets.xcassets */,
			);
			path = "Preview Content";
			sourceTree = "<group>";
		};
		0AF29FC924B62F7700E502FD /* Login */ = {
			isa = PBXGroup;
			children = (
				0AF29FCA24B62F8D00E502FD /* LoginView.swift */,
				0AF29FCE24B635E800E502FD /* SignUpView.swift */,
				0AF29FD024B6631C00E502FD /* PrototypeSignUpView.swift */,
			);
			path = Login;
			sourceTree = "<group>";
		};
/* End PBXGroup section */

/* Begin PBXNativeTarget section */
		0AF29FB224B629DB00E502FD /* ConceptUI */ = {
			isa = PBXNativeTarget;
			buildConfigurationList = 0AF29FC224B629E000E502FD /* Build configuration list for PBXNativeTarget "ConceptUI" */;
			buildPhases = (
				0AF29FAF24B629DB00E502FD /* Sources */,
				0AF29FB024B629DB00E502FD /* Frameworks */,
				0AF29FB124B629DB00E502FD /* Resources */,
			);
			buildRules = (
			);
			dependencies = (
			);
			name = ConceptUI;
			productName = ConceptUI;
			productReference = 0AF29FB324B629DB00E502FD /* ConceptUI.app */;
			productType = "com.apple.product-type.application";
		};
/* End PBXNativeTarget section */

/* Begin PBXProject section */
		0AF29FAB24B629DB00E502FD /* Project object */ = {
			isa = PBXProject;
			attributes = {
				LastSwiftUpdateCheck = 1200;
				LastUpgradeCheck = 1200;
				TargetAttributes = {
					0AF29FB224B629DB00E502FD = {
						CreatedOnToolsVersion = 12.0;
					};
				};
			};
			buildConfigurationList = 0AF29FAE24B629DB00E502FD /* Build configuration list for PBXProject "ConceptUI" */;
			compatibilityVersion = "Xcode 9.3";
			developmentRegion = en;
			hasScannedForEncodings = 0;
			knownRegions = (
				en,
				Base,
			);
			mainGroup = 0AF29FAA24B629DB00E502FD;
			productRefGroup = 0AF29FB424B629DB00E502FD /* Products */;
			projectDirPath = "";
			projectRoot = "";
			targets = (
				0AF29FB224B629DB00E502FD /* ConceptUI */,
			);
		};
/* End PBXProject section */

/* Begin PBXResourcesBuildPhase section */
		0AF29FB124B629DB00E502FD /* Resources */ = {
			isa = PBXResourcesBuildPhase;
			buildActionMask = 2147483647;
			files = (
				0AF29FBE24B629E000E502FD /* Preview Assets.xcassets in Resources */,
				0AF29FBB24B629E000E502FD /* Assets.xcassets in Resources */,
			);
			runOnlyForDeploymentPostprocessing = 0;
		};
/* End PBXResourcesBuildPhase section */

/* Begin PBXSourcesBuildPhase section */
		0AF29FAF24B629DB00E502FD /* Sources */ = {
			isa = PBXSourcesBuildPhase;
			buildActionMask = 2147483647;
			files = (
				0AF29FD124B6631C00E502FD /* PrototypeSignUpView.swift in Sources */,
				0AF29FC624B62B8300E502FD /* selectState.swift in Sources */,
				0AF29FCB24B62F8D00E502FD /* LoginView.swift in Sources */,
				0A169C4C24B7C3EA00CFADC0 /* GreenProgressViewStyle.swift in Sources */,
				0AB5937A24B6A35400828806 /* FormSecureField.swift in Sources */,
				0AF29FB924B629DB00E502FD /* WelcomeScreen.swift in Sources */,
				0ADC404224B6B93600FA2294 /* SelectionView.swift in Sources */,
				0AF29FC824B62B9700E502FD /* HomeView.swift in Sources */,
				0ADC404024B6B89600FA2294 /* ProgramTypeView.swift in Sources */,
				0AD6CC4E24B6CFF90014A026 /* LoginViewModel.swift in Sources */,
				0AB5937624B6A15700828806 /* GreenBorderButton.swift in Sources */,
				0AF29FCF24B635E800E502FD /* SignUpView.swift in Sources */,
				0AF29FB724B629DB00E502FD /* ConceptUIApp.swift in Sources */,
				0AB5937324B67F1600828806 /* GreenBorderButtonStyle.swift in Sources */,
				0AB5937124B67E7200828806 /* GradientBackGroundStyle.swift in Sources */,
				0AB5937824B6A24000828806 /* FormTextField.swift in Sources */,
			);
			runOnlyForDeploymentPostprocessing = 0;
		};
/* End PBXSourcesBuildPhase section */

/* Begin XCBuildConfiguration section */
		0AF29FC024B629E000E502FD /* Debug */ = {
			isa = XCBuildConfiguration;
			buildSettings = {
				ALWAYS_SEARCH_USER_PATHS = NO;
				CLANG_ANALYZER_NONNULL = YES;
				CLANG_ANALYZER_NUMBER_OBJECT_CONVERSION = YES_AGGRESSIVE;
				CLANG_CXX_LANGUAGE_STANDARD = "gnu++14";
				CLANG_CXX_LIBRARY = "libc++";
				CLANG_ENABLE_MODULES = YES;
				CLANG_ENABLE_OBJC_ARC = YES;
				CLANG_ENABLE_OBJC_WEAK = YES;
				CLANG_WARN_BLOCK_CAPTURE_AUTORELEASING = YES;
				CLANG_WARN_BOOL_CONVERSION = YES;
				CLANG_WARN_COMMA = YES;
				CLANG_WARN_CONSTANT_CONVERSION = YES;
				CLANG_WARN_DEPRECATED_OBJC_IMPLEMENTATIONS = YES;
				CLANG_WARN_DIRECT_OBJC_ISA_USAGE = YES_ERROR;
				CLANG_WARN_DOCUMENTATION_COMMENTS = YES;
				CLANG_WARN_EMPTY_BODY = YES;
				CLANG_WARN_ENUM_CONVERSION = YES;
				CLANG_WARN_INFINITE_RECURSION = YES;
				CLANG_WARN_INT_CONVERSION = YES;
				CLANG_WARN_NON_LITERAL_NULL_CONVERSION = YES;
				CLANG_WARN_OBJC_IMPLICIT_RETAIN_SELF = YES;
				CLANG_WARN_OBJC_LITERAL_CONVERSION = YES;
				CLANG_WARN_OBJC_ROOT_CLASS = YES_ERROR;
				CLANG_WARN_QUOTED_INCLUDE_IN_FRAMEWORK_HEADER = YES;
				CLANG_WARN_RANGE_LOOP_ANALYSIS = YES;
				CLANG_WARN_STRICT_PROTOTYPES = YES;
				CLANG_WARN_SUSPICIOUS_MOVE = YES;
				CLANG_WARN_UNGUARDED_AVAILABILITY = YES_AGGRESSIVE;
				CLANG_WARN_UNREACHABLE_CODE = YES;
				CLANG_WARN__DUPLICATE_METHOD_MATCH = YES;
				COPY_PHASE_STRIP = NO;
				DEBUG_INFORMATION_FORMAT = dwarf;
				ENABLE_STRICT_OBJC_MSGSEND = YES;
				ENABLE_TESTABILITY = YES;
				GCC_C_LANGUAGE_STANDARD = gnu11;
				GCC_DYNAMIC_NO_PIC = NO;
				GCC_NO_COMMON_BLOCKS = YES;
				GCC_OPTIMIZATION_LEVEL = 0;
				GCC_PREPROCESSOR_DEFINITIONS = (
					"DEBUG=1",
					"$(inherited)",
				);
				GCC_WARN_64_TO_32_BIT_CONVERSION = YES;
				GCC_WARN_ABOUT_RETURN_TYPE = YES_ERROR;
				GCC_WARN_UNDECLARED_SELECTOR = YES;
				GCC_WARN_UNINITIALIZED_AUTOS = YES_AGGRESSIVE;
				GCC_WARN_UNUSED_FUNCTION = YES;
				GCC_WARN_UNUSED_VARIABLE = YES;
				IPHONEOS_DEPLOYMENT_TARGET = 14.0;
				MTL_ENABLE_DEBUG_INFO = INCLUDE_SOURCE;
				MTL_FAST_MATH = YES;
				ONLY_ACTIVE_ARCH = YES;
				SDKROOT = iphoneos;
				SWIFT_ACTIVE_COMPILATION_CONDITIONS = DEBUG;
				SWIFT_OPTIMIZATION_LEVEL = "-Onone";
			};
			name = Debug;
		};
		0AF29FC124B629E000E502FD /* Release */ = {
			isa = XCBuildConfiguration;
			buildSettings = {
				ALWAYS_SEARCH_USER_PATHS = NO;
				CLANG_ANALYZER_NONNULL = YES;
				CLANG_ANALYZER_NUMBER_OBJECT_CONVERSION = YES_AGGRESSIVE;
				CLANG_CXX_LANGUAGE_STANDARD = "gnu++14";
				CLANG_CXX_LIBRARY = "libc++";
				CLANG_ENABLE_MODULES = YES;
				CLANG_ENABLE_OBJC_ARC = YES;
				CLANG_ENABLE_OBJC_WEAK = YES;
				CLANG_WARN_BLOCK_CAPTURE_AUTORELEASING = YES;
				CLANG_WARN_BOOL_CONVERSION = YES;
				CLANG_WARN_COMMA = YES;
				CLANG_WARN_CONSTANT_CONVERSION = YES;
				CLANG_WARN_DEPRECATED_OBJC_IMPLEMENTATIONS = YES;
				CLANG_WARN_DIRECT_OBJC_ISA_USAGE = YES_ERROR;
				CLANG_WARN_DOCUMENTATION_COMMENTS = YES;
				CLANG_WARN_EMPTY_BODY = YES;
				CLANG_WARN_ENUM_CONVERSION = YES;
				CLANG_WARN_INFINITE_RECURSION = YES;
				CLANG_WARN_INT_CONVERSION = YES;
				CLANG_WARN_NON_LITERAL_NULL_CONVERSION = YES;
				CLANG_WARN_OBJC_IMPLICIT_RETAIN_SELF = YES;
				CLANG_WARN_OBJC_LITERAL_CONVERSION = YES;
				CLANG_WARN_OBJC_ROOT_CLASS = YES_ERROR;
				CLANG_WARN_QUOTED_INCLUDE_IN_FRAMEWORK_HEADER = YES;
				CLANG_WARN_RANGE_LOOP_ANALYSIS = YES;
				CLANG_WARN_STRICT_PROTOTYPES = YES;
				CLANG_WARN_SUSPICIOUS_MOVE = YES;
				CLANG_WARN_UNGUARDED_AVAILABILITY = YES_AGGRESSIVE;
				CLANG_WARN_UNREACHABLE_CODE = YES;
				CLANG_WARN__DUPLICATE_METHOD_MATCH = YES;
				COPY_PHASE_STRIP = NO;
				DEBUG_INFORMATION_FORMAT = "dwarf-with-dsym";
				ENABLE_NS_ASSERTIONS = NO;
				ENABLE_STRICT_OBJC_MSGSEND = YES;
				GCC_C_LANGUAGE_STANDARD = gnu11;
				GCC_NO_COMMON_BLOCKS = YES;
				GCC_WARN_64_TO_32_BIT_CONVERSION = YES;
				GCC_WARN_ABOUT_RETURN_TYPE = YES_ERROR;
				GCC_WARN_UNDECLARED_SELECTOR = YES;
				GCC_WARN_UNINITIALIZED_AUTOS = YES_AGGRESSIVE;
				GCC_WARN_UNUSED_FUNCTION = YES;
				GCC_WARN_UNUSED_VARIABLE = YES;
				IPHONEOS_DEPLOYMENT_TARGET = 14.0;
				MTL_ENABLE_DEBUG_INFO = NO;
				MTL_FAST_MATH = YES;
				SDKROOT = iphoneos;
				SWIFT_COMPILATION_MODE = wholemodule;
				SWIFT_OPTIMIZATION_LEVEL = "-O";
				VALIDATE_PRODUCT = YES;
			};
			name = Release;
		};
		0AF29FC324B629E000E502FD /* Debug */ = {
			isa = XCBuildConfiguration;
			buildSettings = {
				ASSETCATALOG_COMPILER_APPICON_NAME = AppIcon;
				ASSETCATALOG_COMPILER_GLOBAL_ACCENT_COLOR_NAME = AccentColor;
				CODE_SIGN_STYLE = Automatic;
				DEVELOPMENT_ASSET_PATHS = "\"ConceptUI/Preview Content\"";
				DEVELOPMENT_TEAM = 8FR9D6557V;
				ENABLE_PREVIEWS = YES;
				INFOPLIST_FILE = ConceptUI/Info.plist;
				IPHONEOS_DEPLOYMENT_TARGET = 14.0;
				LD_RUNPATH_SEARCH_PATHS = (
					"$(inherited)",
					"@executable_path/Frameworks",
				);
				PRODUCT_BUNDLE_IDENTIFIER = com.jackwong.ConceptUI;
				PRODUCT_NAME = "$(TARGET_NAME)";
				SWIFT_VERSION = 5.0;
				TARGETED_DEVICE_FAMILY = "1,2";
			};
			name = Debug;
		};
		0AF29FC424B629E000E502FD /* Release */ = {
			isa = XCBuildConfiguration;
			buildSettings = {
				ASSETCATALOG_COMPILER_APPICON_NAME = AppIcon;
				ASSETCATALOG_COMPILER_GLOBAL_ACCENT_COLOR_NAME = AccentColor;
				CODE_SIGN_STYLE = Automatic;
				DEVELOPMENT_ASSET_PATHS = "\"ConceptUI/Preview Content\"";
				DEVELOPMENT_TEAM = 8FR9D6557V;
				ENABLE_PREVIEWS = YES;
				INFOPLIST_FILE = ConceptUI/Info.plist;
				IPHONEOS_DEPLOYMENT_TARGET = 14.0;
				LD_RUNPATH_SEARCH_PATHS = (
					"$(inherited)",
					"@executable_path/Frameworks",
				);
				PRODUCT_BUNDLE_IDENTIFIER = com.jackwong.ConceptUI;
				PRODUCT_NAME = "$(TARGET_NAME)";
				SWIFT_VERSION = 5.0;
				TARGETED_DEVICE_FAMILY = "1,2";
			};
			name = Release;
		};
/* End XCBuildConfiguration section */

/* Begin XCConfigurationList section */
		0AF29FAE24B629DB00E502FD /* Build configuration list for PBXProject "ConceptUI" */ = {
			isa = XCConfigurationList;
			buildConfigurations = (
				0AF29FC024B629E000E502FD /* Debug */,
				0AF29FC124B629E000E502FD /* Release */,
			);
			defaultConfigurationIsVisible = 0;
			defaultConfigurationName = Release;
		};
		0AF29FC224B629E000E502FD /* Build configuration list for PBXNativeTarget "ConceptUI" */ = {
			isa = XCConfigurationList;
			buildConfigurations = (
				0AF29FC324B629E000E502FD /* Debug */,
				0AF29FC424B629E000E502FD /* Release */,
			);
			defaultConfigurationIsVisible = 0;
			defaultConfigurationName = Release;
		};
/* End XCConfigurationList section */
	};
	rootObject = 0AF29FAB24B629DB00E502FD /* Project object */;
}
